lockfileVersion: 5.4

specifiers:
  '@sveltejs/vite-plugin-svelte': ^1.1.0
  firebase: 8.10.0
  rxfire: ^6.0.3
  rxjs: ^7.5.7
  svelte: ^3.52.0
  vite: ^3.2.3

dependencies:
  firebase: 8.10.0
  rxfire: 6.0.3_firebase@8.10.0+rxjs@7.5.7
  rxjs: 7.5.7

devDependencies:
  '@sveltejs/vite-plugin-svelte': 1.2.0_svelte@3.53.1+vite@3.2.4
  svelte: 3.53.1
  vite: 3.2.4

packages:

  /@esbuild/android-arm/0.15.14:
    resolution: {integrity: sha512-+Rb20XXxRGisNu2WmNKk+scpanb7nL5yhuI1KR9wQFiC43ddPj/V1fmNyzlFC9bKiG4mYzxW7egtoHVcynr+OA==}
    engines: {node: '>=12'}
    cpu: [arm]
    os: [android]
    requiresBuild: true
    dev: true
    optional: true

  /@esbuild/linux-loong64/0.15.14:
    resolution: {integrity: sha512-eQi9rosGNVQFJyJWV0HCA5WZae/qWIQME7s8/j8DMvnylfBv62Pbu+zJ2eUDqNf2O4u3WB+OEXyfkpBoe194sg==}
    engines: {node: '>=12'}
    cpu: [loong64]
    os: [linux]
    requiresBuild: true
    dev: true
    optional: true

  /@firebase/analytics-types/0.6.0:
    resolution: {integrity: sha512-kbMawY0WRPyL/lbknBkme4CNLl+Gw+E9G4OpNeXAauqoQiNkBgpIvZYy7BRT4sNGhZbxdxXxXbruqUwDzLmvTw==}
    dev: false

  /@firebase/analytics/0.6.18_z3hxu6tufpxc3mjsqzr74ipb4a:
    resolution: {integrity: sha512-FXNtYDxbs9ynPbzUVuG94BjFPOPpgJ7156660uvCBuKgoBCIVcNqKkJQQ7TH8384fqvGjbjdcgARY9jgAHbtog==}
    peerDependencies:
      '@firebase/app': 0.x
      '@firebase/app-types': 0.x
    dependencies:
      '@firebase/analytics-types': 0.6.0
      '@firebase/app': 0.6.30
      '@firebase/app-types': 0.6.3
      '@firebase/component': 0.5.6
      '@firebase/installations': 0.4.32_z3hxu6tufpxc3mjsqzr74ipb4a
      '@firebase/logger': 0.2.6
      '@firebase/util': 1.3.0
      tslib: 2.4.1
    dev: false

  /@firebase/app-check-interop-types/0.1.0:
    resolution: {integrity: sha512-uZfn9s4uuRsaX5Lwx+gFP3B6YsyOKUE+Rqa6z9ojT4VSRAsZFko9FRn6OxQUA1z5t5d08fY4pf+/+Dkd5wbdbA==}
    dev: false

  /@firebase/app-check-types/0.3.1:
    resolution: {integrity: sha512-KJ+BqJbdNsx4QT/JIT1yDj5p6D+QN97iJs3GuHnORrqL+DU3RWc9nSYQsrY6Tv9jVWcOkMENXAgDT484vzsm2w==}
    dev: false

  /@firebase/app-check/0.3.2_z3hxu6tufpxc3mjsqzr74ipb4a:
    resolution: {integrity: sha512-YjpsnV1xVTO1B836IKijRcDeceLgHQNJ/DWa+Vky9UHkm1Mi4qosddX8LZzldaWRTWKX7BN1MbZOLY8r7M/MZQ==}
    peerDependencies:
      '@firebase/app': 0.x
      '@firebase/app-types': 0.x
    dependencies:
      '@firebase/app': 0.6.30
      '@firebase/app-check-interop-types': 0.1.0
      '@firebase/app-check-types': 0.3.1
      '@firebase/app-types': 0.6.3
      '@firebase/component': 0.5.6
      '@firebase/logger': 0.2.6
      '@firebase/util': 1.3.0
      tslib: 2.4.1
    dev: false

  /@firebase/app-types/0.6.3:
    resolution: {integrity: sha512-/M13DPPati7FQHEQ9Minjk1HGLm/4K4gs9bR4rzLCWJg64yGtVC0zNg9gDpkw9yc2cvol/mNFxqTtd4geGrwdw==}
    dev: false

  /@firebase/app/0.6.30:
    resolution: {integrity: sha512-uAYEDXyK0mmpZ8hWQj5TNd7WVvfsU8PgsqKpGljbFBG/HhsH8KbcykWAAA+c1PqL7dt/dbt0Reh1y9zEdYzMhg==}
    dependencies:
      '@firebase/app-types': 0.6.3
      '@firebase/component': 0.5.6
      '@firebase/logger': 0.2.6
      '@firebase/util': 1.3.0
      dom-storage: 2.1.0
      tslib: 2.4.1
      xmlhttprequest: 1.8.0
    dev: false

  /@firebase/auth-interop-types/0.1.6_btkbmd3h5b2xery5rhjafs7ybe:
    resolution: {integrity: sha512-etIi92fW3CctsmR9e3sYM3Uqnoq861M0Id9mdOPF6PWIg38BXL5k4upCNBggGUpLIS0H1grMOvy/wn1xymwe2g==}
    peerDependencies:
      '@firebase/app-types': 0.x
      '@firebase/util': 1.x
    dependencies:
      '@firebase/app-types': 0.6.3
      '@firebase/util': 1.3.0
    dev: false

  /@firebase/auth-types/0.10.3_btkbmd3h5b2xery5rhjafs7ybe:
    resolution: {integrity: sha512-zExrThRqyqGUbXOFrH/sowuh2rRtfKHp9SBVY2vOqKWdCX1Ztn682n9WLtlUDsiYVIbBcwautYWk2HyCGFv0OA==}
    peerDependencies:
      '@firebase/app-types': 0.x
      '@firebase/util': 1.x
    dependencies:
      '@firebase/app-types': 0.6.3
      '@firebase/util': 1.3.0
    dev: false

  /@firebase/auth/0.16.8_aozjwb6f4ndokleblc2fqhe7cu:
    resolution: {integrity: sha512-mR0UXG4LirWIfOiCWxVmvz1o23BuKGxeItQ2cCUgXLTjNtWJXdcky/356iTUsd7ZV5A78s2NHeN5tIDDG6H4rg==}
    peerDependencies:
      '@firebase/app': 0.x
    dependencies:
      '@firebase/app': 0.6.30
      '@firebase/auth-types': 0.10.3_btkbmd3h5b2xery5rhjafs7ybe
    transitivePeerDependencies:
      - '@firebase/app-types'
      - '@firebase/util'
    dev: false

  /@firebase/component/0.5.6:
    resolution: {integrity: sha512-GyQJ+2lrhsDqeGgd1VdS7W+Y6gNYyI0B51ovNTxeZVG/W8I7t9MwEiCWsCvfm5wQgfsKp9dkzOcJrL5k8oVO/Q==}
    dependencies:
      '@firebase/util': 1.3.0
      tslib: 2.4.1
    dev: false

  /@firebase/database-types/0.8.0:
    resolution: {integrity: sha512-7IdjAFRfPWyG3b4wcXyghb3Y1CLCSJFZIg1xl5GbTVMttSQFT4B5NYdhsfA34JwAsv5pMzPpjOaS3/K9XJ2KiA==}
    dependencies:
      '@firebase/app-types': 0.6.3
      '@firebase/util': 1.3.0
    dev: false

  /@firebase/database/0.11.0_@firebase+app-types@0.6.3:
    resolution: {integrity: sha512-b/kwvCubr6G9coPlo48PbieBDln7ViFBHOGeVt/bt82yuv5jYZBEYAac/mtOVSxpf14aMo/tAN+Edl6SWqXApw==}
    dependencies:
      '@firebase/auth-interop-types': 0.1.6_btkbmd3h5b2xery5rhjafs7ybe
      '@firebase/component': 0.5.6
      '@firebase/database-types': 0.8.0
      '@firebase/logger': 0.2.6
      '@firebase/util': 1.3.0
      faye-websocket: 0.11.3
      tslib: 2.4.1
    transitivePeerDependencies:
      - '@firebase/app-types'
    dev: false

  /@firebase/firestore-types/2.4.0_btkbmd3h5b2xery5rhjafs7ybe:
    resolution: {integrity: sha512-0dgwfuNP7EN6/OlK2HSNSQiQNGLGaRBH0gvgr1ngtKKJuJFuq0Z48RBMeJX9CGjV4TP9h2KaB+KrUKJ5kh1hMg==}
    peerDependencies:
      '@firebase/app-types': 0.x
      '@firebase/util': 1.x
    dependencies:
      '@firebase/app-types': 0.6.3
      '@firebase/util': 1.3.0
    dev: false

  /@firebase/firestore/2.4.0_z3hxu6tufpxc3mjsqzr74ipb4a:
    resolution: {integrity: sha512-PQ6+lWNrvh74GvFTHT4gCutFipDmtu8D1tNNawKe+/SyL6XFgeuMYgZIpKQgkTSezVDogC7EGQTJBFnewF9pOg==}
    engines: {node: ^8.13.0 || >=10.10.0}
    peerDependencies:
      '@firebase/app': 0.x
      '@firebase/app-types': 0.x
    dependencies:
      '@firebase/app': 0.6.30
      '@firebase/app-types': 0.6.3
      '@firebase/component': 0.5.6
      '@firebase/firestore-types': 2.4.0_btkbmd3h5b2xery5rhjafs7ybe
      '@firebase/logger': 0.2.6
      '@firebase/util': 1.3.0
      '@firebase/webchannel-wrapper': 0.5.1
      '@grpc/grpc-js': 1.7.3
      '@grpc/proto-loader': 0.6.13
      node-fetch: 2.6.1
      tslib: 2.4.1
    dev: false

  /@firebase/functions-types/0.4.0:
    resolution: {integrity: sha512-3KElyO3887HNxtxNF1ytGFrNmqD+hheqjwmT3sI09FaDCuaxGbOnsXAXH2eQ049XRXw9YQpHMgYws/aUNgXVyQ==}
    dev: false

  /@firebase/functions/0.6.15_z3hxu6tufpxc3mjsqzr74ipb4a:
    resolution: {integrity: sha512-b7RpLwFXi0N+HgkfK8cmkarSOoBeSrc1jNdadkCacQt+vIePkKM3E9EJXF4roWSa8GwTruodpBsvH+lK9iCAKQ==}
    peerDependencies:
      '@firebase/app': 0.x
      '@firebase/app-types': 0.x
    dependencies:
      '@firebase/app': 0.6.30
      '@firebase/app-types': 0.6.3
      '@firebase/component': 0.5.6
      '@firebase/functions-types': 0.4.0
      '@firebase/messaging-types': 0.5.0_@firebase+app-types@0.6.3
      node-fetch: 2.6.1
      tslib: 2.4.1
    dev: false

  /@firebase/installations-types/0.3.4_@firebase+app-types@0.6.3:
    resolution: {integrity: sha512-RfePJFovmdIXb6rYwtngyxuEcWnOrzdZd9m7xAW0gRxDIjBT20n3BOhjpmgRWXo/DAxRmS7bRjWAyTHY9cqN7Q==}
    peerDependencies:
      '@firebase/app-types': 0.x
    dependencies:
      '@firebase/app-types': 0.6.3
    dev: false

  /@firebase/installations/0.4.32_z3hxu6tufpxc3mjsqzr74ipb4a:
    resolution: {integrity: sha512-K4UlED1Vrhd2rFQQJih+OgEj8OTtrtH4+Izkx7ip2bhXSc+unk8ZhnF69D0kmh7zjXAqEDJrmHs9O5fI3rV6Tw==}
    peerDependencies:
      '@firebase/app': 0.x
      '@firebase/app-types': 0.x
    dependencies:
      '@firebase/app': 0.6.30
      '@firebase/app-types': 0.6.3
      '@firebase/component': 0.5.6
      '@firebase/installations-types': 0.3.4_@firebase+app-types@0.6.3
      '@firebase/util': 1.3.0
      idb: 3.0.2
      tslib: 2.4.1
    dev: false

  /@firebase/logger/0.2.6:
    resolution: {integrity: sha512-KIxcUvW/cRGWlzK9Vd2KB864HlUnCfdTH0taHE0sXW5Xl7+W68suaeau1oKNEqmc3l45azkd4NzXTCWZRZdXrw==}
    dev: false

  /@firebase/messaging-types/0.5.0_@firebase+app-types@0.6.3:
    resolution: {integrity: sha512-QaaBswrU6umJYb/ZYvjR5JDSslCGOH6D9P136PhabFAHLTR4TWjsaACvbBXuvwrfCXu10DtcjMxqfhdNIB1Xfg==}
    peerDependencies:
      '@firebase/app-types': 0.x
    dependencies:
      '@firebase/app-types': 0.6.3
    dev: false

  /@firebase/messaging/0.8.0_z3hxu6tufpxc3mjsqzr74ipb4a:
    resolution: {integrity: sha512-hkFHDyVe1kMcY9KEG+prjCbvS6MtLUgVFUbbQqq7JQfiv58E07YCzRUcMrJolbNi/1QHH6Jv16DxNWjJB9+/qA==}
    peerDependencies:
      '@firebase/app': 0.x
      '@firebase/app-types': 0.x
    dependencies:
      '@firebase/app': 0.6.30
      '@firebase/app-types': 0.6.3
      '@firebase/component': 0.5.6
      '@firebase/installations': 0.4.32_z3hxu6tufpxc3mjsqzr74ipb4a
      '@firebase/messaging-types': 0.5.0_@firebase+app-types@0.6.3
      '@firebase/util': 1.3.0
      idb: 3.0.2
      tslib: 2.4.1
    dev: false

  /@firebase/performance-types/0.0.13:
    resolution: {integrity: sha512-6fZfIGjQpwo9S5OzMpPyqgYAUZcFzZxHFqOyNtorDIgNXq33nlldTL/vtaUZA8iT9TT5cJlCrF/jthKU7X21EA==}
    dev: false

  /@firebase/performance/0.4.18_z3hxu6tufpxc3mjsqzr74ipb4a:
    resolution: {integrity: sha512-lvZW/TVDne2TyOpWbv++zjRn277HZpbjxbIPfwtnmKjVY1gJ+H77Qi1c2avVIc9hg80uGX/5tNf4pOApNDJLVg==}
    peerDependencies:
      '@firebase/app': 0.x
      '@firebase/app-types': 0.x
    dependencies:
      '@firebase/app': 0.6.30
      '@firebase/app-types': 0.6.3
      '@firebase/component': 0.5.6
      '@firebase/installations': 0.4.32_z3hxu6tufpxc3mjsqzr74ipb4a
      '@firebase/logger': 0.2.6
      '@firebase/performance-types': 0.0.13
      '@firebase/util': 1.3.0
      tslib: 2.4.1
    dev: false

  /@firebase/polyfill/0.3.36:
    resolution: {integrity: sha512-zMM9oSJgY6cT2jx3Ce9LYqb0eIpDE52meIzd/oe/y70F+v9u1LDqk5kUF5mf16zovGBWMNFmgzlsh6Wj0OsFtg==}
    dependencies:
      core-js: 3.6.5
      promise-polyfill: 8.1.3
      whatwg-fetch: 2.0.4
    dev: false

  /@firebase/remote-config-types/0.1.9:
    resolution: {integrity: sha512-G96qnF3RYGbZsTRut7NBX0sxyczxt1uyCgXQuH/eAfUCngxjEGcZQnBdy6mvSdqdJh5mC31rWPO4v9/s7HwtzA==}
    dev: false

  /@firebase/remote-config/0.1.43_z3hxu6tufpxc3mjsqzr74ipb4a:
    resolution: {integrity: sha512-laNM4MN0CfeSp7XCVNjYOC4DdV6mj0l2rzUh42x4v2wLTweCoJ/kc1i4oWMX9TI7Jw8Am5Wl71Awn1J2pVe5xA==}
    peerDependencies:
      '@firebase/app': 0.x
      '@firebase/app-types': 0.x
    dependencies:
      '@firebase/app': 0.6.30
      '@firebase/app-types': 0.6.3
      '@firebase/component': 0.5.6
      '@firebase/installations': 0.4.32_z3hxu6tufpxc3mjsqzr74ipb4a
      '@firebase/logger': 0.2.6
      '@firebase/remote-config-types': 0.1.9
      '@firebase/util': 1.3.0
      tslib: 2.4.1
    dev: false

  /@firebase/storage-types/0.5.0_btkbmd3h5b2xery5rhjafs7ybe:
    resolution: {integrity: sha512-6Wv3Lu7s18hsgW7HG4BFwycTquZ3m/C8bjBoOsmPu0TD6M1GKwCzOC7qBdN7L6tRYPh8ipTj5+rPFrmhGfUVKA==}
    peerDependencies:
      '@firebase/app-types': 0.x
      '@firebase/util': 1.x
    dependencies:
      '@firebase/app-types': 0.6.3
      '@firebase/util': 1.3.0
    dev: false

  /@firebase/storage/0.7.0_z3hxu6tufpxc3mjsqzr74ipb4a:
    resolution: {integrity: sha512-ebDFKJbM5HOxVtZV+RhVEBVtlWHK+Z5L3kA5uDBA2jMYcn+8NV/crozJnEE+iRsGEco6dLK5JS+Er4qtKLpH5A==}
    peerDependencies:
      '@firebase/app': 0.x
      '@firebase/app-types': 0.x
    dependencies:
      '@firebase/app': 0.6.30
      '@firebase/app-types': 0.6.3
      '@firebase/component': 0.5.6
      '@firebase/storage-types': 0.5.0_btkbmd3h5b2xery5rhjafs7ybe
      '@firebase/util': 1.3.0
      node-fetch: 2.6.1
      tslib: 2.4.1
    dev: false

  /@firebase/util/1.3.0:
    resolution: {integrity: sha512-SESvmYwuKOVCZ1ZxLbberbx+9cnbxpCa4CG2FUSQYqN6Ab8KyltegMDIsqMw5KyIBZ4n1phfHoOa22xo5NzAlQ==}
    dependencies:
      tslib: 2.4.1
    dev: false

  /@firebase/webchannel-wrapper/0.5.1:
    resolution: {integrity: sha512-dZMzN0uAjwJXWYYAcnxIwXqRTZw3o14hGe7O6uhwjD1ZQWPVYA5lASgnNskEBra0knVBsOXB4KXg+HnlKewN/A==}
    dev: false

  /@grpc/grpc-js/1.7.3:
    resolution: {integrity: sha512-H9l79u4kJ2PVSxUNA08HMYAnUBLj9v6KjYQ7SQ71hOZcEXhShE/y5iQCesP8+6/Ik/7i2O0a10bPquIcYfufog==}
    engines: {node: ^8.13.0 || >=10.10.0}
    dependencies:
      '@grpc/proto-loader': 0.7.3
      '@types/node': 18.11.9
    dev: false

  /@grpc/proto-loader/0.6.13:
    resolution: {integrity: sha512-FjxPYDRTn6Ec3V0arm1FtSpmP6V50wuph2yILpyvTKzjc76oDdoihXqM1DzOW5ubvCC8GivfCnNtfaRE8myJ7g==}
    engines: {node: '>=6'}
    hasBin: true
    dependencies:
      '@types/long': 4.0.2
      lodash.camelcase: 4.3.0
      long: 4.0.0
      protobufjs: 6.11.3
      yargs: 16.2.0
    dev: false

  /@grpc/proto-loader/0.7.3:
    resolution: {integrity: sha512-5dAvoZwna2Py3Ef96Ux9jIkp3iZ62TUsV00p3wVBPNX5K178UbNi8Q7gQVqwXT1Yq9RejIGG9G2IPEo93T6RcA==}
    engines: {node: '>=6'}
    hasBin: true
    dependencies:
      '@types/long': 4.0.2
      lodash.camelcase: 4.3.0
      long: 4.0.0
      protobufjs: 7.1.2
      yargs: 16.2.0
    dev: false

  /@protobufjs/aspromise/1.1.2:
    resolution: {integrity: sha512-j+gKExEuLmKwvz3OgROXtrJ2UG2x8Ch2YZUxahh+s1F2HZ+wAceUNLkvy6zKCPVRkU++ZWQrdxsUeQXmcg4uoQ==}
    dev: false

  /@protobufjs/base64/1.1.2:
    resolution: {integrity: sha512-AZkcAA5vnN/v4PDqKyMR5lx7hZttPDgClv83E//FMNhR2TMcLUhfRUBHCmSl0oi9zMgDDqRUJkSxO3wm85+XLg==}
    dev: false

  /@protobufjs/codegen/2.0.4:
    resolution: {integrity: sha512-YyFaikqM5sH0ziFZCN3xDC7zeGaB/d0IUb9CATugHWbd1FRFwWwt4ld4OYMPWu5a3Xe01mGAULCdqhMlPl29Jg==}
    dev: false

  /@protobufjs/eventemitter/1.1.0:
    resolution: {integrity: sha512-j9ednRT81vYJ9OfVuXG6ERSTdEL1xVsNgqpkxMsbIabzSo3goCjDIveeGv5d03om39ML71RdmrGNjG5SReBP/Q==}
    dev: false

  /@protobufjs/fetch/1.1.0:
    resolution: {integrity: sha512-lljVXpqXebpsijW71PZaCYeIcE5on1w5DlQy5WH6GLbFryLUrBD4932W/E2BSpfRJWseIL4v/KPgBFxDOIdKpQ==}
    dependencies:
      '@protobufjs/aspromise': 1.1.2
      '@protobufjs/inquire': 1.1.0
    dev: false

  /@protobufjs/float/1.0.2:
    resolution: {integrity: sha512-Ddb+kVXlXst9d+R9PfTIxh1EdNkgoRe5tOX6t01f1lYWOvJnSPDBlG241QLzcyPdoNTsblLUdujGSE4RzrTZGQ==}
    dev: false

  /@protobufjs/inquire/1.1.0:
    resolution: {integrity: sha512-kdSefcPdruJiFMVSbn801t4vFK7KB/5gd2fYvrxhuJYg8ILrmn9SKSX2tZdV6V+ksulWqS7aXjBcRXl3wHoD9Q==}
    dev: false

  /@protobufjs/path/1.1.2:
    resolution: {integrity: sha512-6JOcJ5Tm08dOHAbdR3GrvP+yUUfkjG5ePsHYczMFLq3ZmMkAD98cDgcT2iA1lJ9NVwFd4tH/iSSoe44YWkltEA==}
    dev: false

  /@protobufjs/pool/1.1.0:
    resolution: {integrity: sha512-0kELaGSIDBKvcgS4zkjz1PeddatrjYcmMWOlAuAPwAeccUrPHdUqo/J6LiymHHEiJT5NrF1UVwxY14f+fy4WQw==}
    dev: false

  /@protobufjs/utf8/1.1.0:
    resolution: {integrity: sha512-Vvn3zZrhQZkkBE8LSuW3em98c0FwgO4nxzv6OdSxPKJIEKY2bGbHn+mhGIPerzI4twdxaP8/0+06HBpwf345Lw==}
    dev: false

  /@sveltejs/vite-plugin-svelte/1.2.0_svelte@3.53.1+vite@3.2.4:
    resolution: {integrity: sha512-DT2oUkWAloH1tO7X5cQ4uDxQofaIS76skyFMElKtoqT6HJao+D82LI5i+0jPaSSmO7ex3Pa6jGYMlWy9ZJ1cdQ==}
    engines: {node: ^14.18.0 || >= 16}
    peerDependencies:
      diff-match-patch: ^1.0.5
      svelte: ^3.44.0
      vite: ^3.0.0
    peerDependenciesMeta:
      diff-match-patch:
        optional: true
    dependencies:
      debug: 4.3.4
      deepmerge: 4.2.2
      kleur: 4.1.5
      magic-string: 0.26.7
      svelte: 3.53.1
      svelte-hmr: 0.15.1_svelte@3.53.1
      vite: 3.2.4
      vitefu: 0.2.1_vite@3.2.4
    transitivePeerDependencies:
      - supports-color
    dev: true

  /@types/long/4.0.2:
    resolution: {integrity: sha512-MqTGEo5bj5t157U6fA/BiDynNkn0YknVdh48CMPkTSpFTVmvao5UQmm7uEF6xBEo7qIMAlY/JSleYaE6VOdpaA==}
    dev: false

  /@types/node/18.11.9:
    resolution: {integrity: sha512-CRpX21/kGdzjOpFsZSkcrXMGIBWMGNIHXXBVFSH+ggkftxg+XYP20TESbh+zFvFj3EQOl5byk0HTRn1IL6hbqg==}
    dev: false

  /ansi-regex/5.0.1:
    resolution: {integrity: sha512-quJQXlTSUGL2LH9SUXo8VwsY4soanhgo6LNSm84E1LBcE8s3O0wpdiRzyR9z/ZZJMlMWv37qOOb9pdJlMUEKFQ==}
    engines: {node: '>=8'}
    dev: false

  /ansi-styles/4.3.0:
    resolution: {integrity: sha512-zbB9rCJAT1rbjiVDb2hqKFHNYLxgtk8NURxZ3IZwD3F6NtxbXZQCnnSi1Lkx+IDohdPlFp222wVALIheZJQSEg==}
    engines: {node: '>=8'}
    dependencies:
      color-convert: 2.0.1
    dev: false

  /cliui/7.0.4:
    resolution: {integrity: sha512-OcRE68cOsVMXp1Yvonl/fzkQOyjLSu/8bhPDfQt0e0/Eb283TKP20Fs2MqoPsr9SwA595rRCA+QMzYc9nBP+JQ==}
    dependencies:
      string-width: 4.2.3
      strip-ansi: 6.0.1
      wrap-ansi: 7.0.0
    dev: false

  /color-convert/2.0.1:
    resolution: {integrity: sha512-RRECPsj7iu/xb5oKYcsFHSppFNnsj/52OVTRKb4zP5onXwVF3zVmmToNcOfGC+CRDpfK/U584fMg38ZHCaElKQ==}
    engines: {node: '>=7.0.0'}
    dependencies:
      color-name: 1.1.4
    dev: false

  /color-name/1.1.4:
    resolution: {integrity: sha512-dOy+3AuW3a2wNbZHIuMZpTcgjGuLU/uBL/ubcZF9OXbDo8ff4O8yVp5Bf0efS8uEoYo5q4Fx7dY9OgQGXgAsQA==}
    dev: false

  /core-js/3.6.5:
    resolution: {integrity: sha512-vZVEEwZoIsI+vPEuoF9Iqf5H7/M3eeQqWlQnYa8FSKKePuYTf5MWnxb5SDAzCa60b3JBRS5g9b+Dq7b1y/RCrA==}
    deprecated: core-js@<3.23.3 is no longer maintained and not recommended for usage due to the number of issues. Because of the V8 engine whims, feature detection in old core-js versions could cause a slowdown up to 100x even if nothing is polyfilled. Some versions have web compatibility issues. Please, upgrade your dependencies to the actual version of core-js.
    requiresBuild: true
    dev: false

  /debug/4.3.4:
    resolution: {integrity: sha512-PRWFHuSU3eDtQJPvnNY7Jcket1j0t5OuOsFzPPzsekD52Zl8qUfFIPEiswXqIvHWGVHOgX+7G/vCNNhehwxfkQ==}
    engines: {node: '>=6.0'}
    peerDependencies:
      supports-color: '*'
    peerDependenciesMeta:
      supports-color:
        optional: true
    dependencies:
      ms: 2.1.2
    dev: true

  /deepmerge/4.2.2:
    resolution: {integrity: sha512-FJ3UgI4gIl+PHZm53knsuSFpE+nESMr7M4v9QcgB7S63Kj/6WqMiFQJpBBYz1Pt+66bZpP3Q7Lye0Oo9MPKEdg==}
    engines: {node: '>=0.10.0'}
    dev: true

  /dom-storage/2.1.0:
    resolution: {integrity: sha512-g6RpyWXzl0RR6OTElHKBl7nwnK87GUyZMYC7JWsB/IA73vpqK2K6LT39x4VepLxlSsWBFrPVLnsSR5Jyty0+2Q==}
    dev: false

  /emoji-regex/8.0.0:
    resolution: {integrity: sha512-MSjYzcWNOA0ewAHpz0MxpYFvwg6yjy1NG3xteoqz644VCo/RPgnr1/GGt+ic3iJTzQ8Eu3TdM14SawnVUmGE6A==}
    dev: false

  /esbuild-android-64/0.15.14:
    resolution: {integrity: sha512-HuilVIb4rk9abT4U6bcFdU35UHOzcWVGLSjEmC58OVr96q5UiRqzDtWjPlCMugjhgUGKEs8Zf4ueIvYbOStbIg==}
    engines: {node: '>=12'}
    cpu: [x64]
    os: [android]
    requiresBuild: true
    dev: true
    optional: true

  /esbuild-android-arm64/0.15.14:
    resolution: {integrity: sha512-/QnxRVxsR2Vtf3XottAHj7hENAMW2wCs6S+OZcAbc/8nlhbAL/bCQRCVD78VtI5mdwqWkVi3wMqM94kScQCgqg==}
    engines: {node: '>=12'}
    cpu: [arm64]
    os: [android]
    requiresBuild: true
    dev: true
    optional: true

  /esbuild-darwin-64/0.15.14:
    resolution: {integrity: sha512-ToNuf1uifu8hhwWvoZJGCdLIX/1zpo8cOGnT0XAhDQXiKOKYaotVNx7pOVB1f+wHoWwTLInrOmh3EmA7Fd+8Vg==}
    engines: {node: '>=12'}
    cpu: [x64]
    os: [darwin]
    requiresBuild: true
    dev: true
    optional: true

  /esbuild-darwin-arm64/0.15.14:
    resolution: {integrity: sha512-KgGP+y77GszfYJgceO0Wi/PiRtYo5y2Xo9rhBUpxTPaBgWDJ14gqYN0+NMbu+qC2fykxXaipHxN4Scaj9tUS1A==}
    engines: {node: '>=12'}
    cpu: [arm64]
    os: [darwin]
    requiresBuild: true
    dev: true
    optional: true

  /esbuild-freebsd-64/0.15.14:
    resolution: {integrity: sha512-xr0E2n5lyWw3uFSwwUXHc0EcaBDtsal/iIfLioflHdhAe10KSctV978Te7YsfnsMKzcoGeS366+tqbCXdqDHQA==}
    engines: {node: '>=12'}
    cpu: [x64]
    os: [freebsd]
    requiresBuild: true
    dev: true
    optional: true

  /esbuild-freebsd-arm64/0.15.14:
    resolution: {integrity: sha512-8XH96sOQ4b1LhMlO10eEWOjEngmZ2oyw3pW4o8kvBcpF6pULr56eeYVP5radtgw54g3T8nKHDHYEI5AItvskZg==}
    engines: {node: '>=12'}
    cpu: [arm64]
    os: [freebsd]
    requiresBuild: true
    dev: true
    optional: true

  /esbuild-linux-32/0.15.14:
    resolution: {integrity: sha512-6ssnvwaTAi8AzKN8By2V0nS+WF5jTP7SfuK6sStGnDP7MCJo/4zHgM9oE1eQTS2jPmo3D673rckuCzRlig+HMA==}
    engines: {node: '>=12'}
    cpu: [ia32]
    os: [linux]
    requiresBuild: true
    dev: true
    optional: true

  /esbuild-linux-64/0.15.14:
    resolution: {integrity: sha512-ONySx3U0wAJOJuxGUlXBWxVKFVpWv88JEv0NZ6NlHknmDd1yCbf4AEdClSgLrqKQDXYywmw4gYDvdLsS6z0hcw==}
    engines: {node: '>=12'}
    cpu: [x64]
    os: [linux]
    requiresBuild: true
    dev: true
    optional: true

  /esbuild-linux-arm/0.15.14:
    resolution: {integrity: sha512-D2LImAIV3QzL7lHURyCHBkycVFbKwkDb1XEUWan+2fb4qfW7qAeUtul7ZIcIwFKZgPcl+6gKZmvLgPSj26RQ2Q==}
    engines: {node: '>=12'}
    cpu: [arm]
    os: [linux]
    requiresBuild: true
    dev: true
    optional: true

  /esbuild-linux-arm64/0.15.14:
    resolution: {integrity: sha512-kle2Ov6a1e5AjlHlMQl1e+c4myGTeggrRzArQFmWp6O6JoqqB9hT+B28EW4tjFWgV/NxUq46pWYpgaWXsXRPAg==}
    engines: {node: '>=12'}
    cpu: [arm64]
    os: [linux]
    requiresBuild: true
    dev: true
    optional: true

  /esbuild-linux-mips64le/0.15.14:
    resolution: {integrity: sha512-FVdMYIzOLXUq+OE7XYKesuEAqZhmAIV6qOoYahvUp93oXy0MOVTP370ECbPfGXXUdlvc0TNgkJa3YhEwyZ6MRA==}
    engines: {node: '>=12'}
    cpu: [mips64el]
    os: [linux]
    requiresBuild: true
    dev: true
    optional: true

  /esbuild-linux-ppc64le/0.15.14:
    resolution: {integrity: sha512-2NzH+iuzMDA+jjtPjuIz/OhRDf8tzbQ1tRZJI//aT25o1HKc0reMMXxKIYq/8nSHXiJSnYV4ODzTiv45s+h73w==}
    engines: {node: '>=12'}
    cpu: [ppc64]
    os: [linux]
    requiresBuild: true
    dev: true
    optional: true

  /esbuild-linux-riscv64/0.15.14:
    resolution: {integrity: sha512-VqxvutZNlQxmUNS7Ac+aczttLEoHBJ9e3OYGqnULrfipRvG97qLrAv9EUY9iSrRKBqeEbSvS9bSfstZqwz0T4Q==}
    engines: {node: '>=12'}
    cpu: [riscv64]
    os: [linux]
    requiresBuild: true
    dev: true
    optional: true

  /esbuild-linux-s390x/0.15.14:
    resolution: {integrity: sha512-+KVHEUshX5n6VP6Vp/AKv9fZIl5kr2ph8EUFmQUJnDpHwcfTSn2AQgYYm0HTBR2Mr4d0Wlr0FxF/Cs5pbFgiOw==}
    engines: {node: '>=12'}
    cpu: [s390x]
    os: [linux]
    requiresBuild: true
    dev: true
    optional: true

  /esbuild-netbsd-64/0.15.14:
    resolution: {integrity: sha512-6D/dr17piEgevIm1xJfZP2SjB9Z+g8ERhNnBdlZPBWZl+KSPUKLGF13AbvC+nzGh8IxOH2TyTIdRMvKMP0nEzQ==}
    engines: {node: '>=12'}
    cpu: [x64]
    os: [netbsd]
    requiresBuild: true
    dev: true
    optional: true

  /esbuild-openbsd-64/0.15.14:
    resolution: {integrity: sha512-rREQBIlMibBetgr2E9Lywt2Qxv2ZdpmYahR4IUlAQ1Efv/A5gYdO0/VIN3iowDbCNTLxp0bb57Vf0LFcffD6kA==}
    engines: {node: '>=12'}
    cpu: [x64]
    os: [openbsd]
    requiresBuild: true
    dev: true
    optional: true

  /esbuild-sunos-64/0.15.14:
    resolution: {integrity: sha512-DNVjSp/BY4IfwtdUAvWGIDaIjJXY5KI4uD82+15v6k/w7px9dnaDaJJ2R6Mu+KCgr5oklmFc0KjBjh311Gxl9Q==}
    engines: {node: '>=12'}
    cpu: [x64]
    os: [sunos]
    requiresBuild: true
    dev: true
    optional: true

  /esbuild-windows-32/0.15.14:
    resolution: {integrity: sha512-pHBWrcA+/oLgvViuG9FO3kNPO635gkoVrRQwe6ZY1S0jdET07xe2toUvQoJQ8KT3/OkxqUasIty5hpuKFLD+eg==}
    engines: {node: '>=12'}
    cpu: [ia32]
    os: [win32]
    requiresBuild: true
    dev: true
    optional: true

  /esbuild-windows-64/0.15.14:
    resolution: {integrity: sha512-CszIGQVk/P8FOS5UgAH4hKc9zOaFo69fe+k1rqgBHx3CSK3Opyk5lwYriIamaWOVjBt7IwEP6NALz+tkVWdFog==}
    engines: {node: '>=12'}
    cpu: [x64]
    os: [win32]
    requiresBuild: true
    dev: true
    optional: true

  /esbuild-windows-arm64/0.15.14:
    resolution: {integrity: sha512-KW9W4psdZceaS9A7Jsgl4WialOznSURvqX/oHZk3gOP7KbjtHLSsnmSvNdzagGJfxbAe30UVGXRe8q8nDsOSQw==}
    engines: {node: '>=12'}
    cpu: [arm64]
    os: [win32]
    requiresBuild: true
    dev: true
    optional: true

  /esbuild/0.15.14:
    resolution: {integrity: sha512-pJN8j42fvWLFWwSMG4luuupl2Me7mxciUOsMegKvwCmhEbJ2covUdFnihxm0FMIBV+cbwbtMoHgMCCI+pj1btQ==}
    engines: {node: '>=12'}
    hasBin: true
    requiresBuild: true
    optionalDependencies:
      '@esbuild/android-arm': 0.15.14
      '@esbuild/linux-loong64': 0.15.14
      esbuild-android-64: 0.15.14
      esbuild-android-arm64: 0.15.14
      esbuild-darwin-64: 0.15.14
      esbuild-darwin-arm64: 0.15.14
      esbuild-freebsd-64: 0.15.14
      esbuild-freebsd-arm64: 0.15.14
      esbuild-linux-32: 0.15.14
      esbuild-linux-64: 0.15.14
      esbuild-linux-arm: 0.15.14
      esbuild-linux-arm64: 0.15.14
      esbuild-linux-mips64le: 0.15.14
      esbuild-linux-ppc64le: 0.15.14
      esbuild-linux-riscv64: 0.15.14
      esbuild-linux-s390x: 0.15.14
      esbuild-netbsd-64: 0.15.14
      esbuild-openbsd-64: 0.15.14
      esbuild-sunos-64: 0.15.14
      esbuild-windows-32: 0.15.14
      esbuild-windows-64: 0.15.14
      esbuild-windows-arm64: 0.15.14
    dev: true

  /escalade/3.1.1:
    resolution: {integrity: sha512-k0er2gUkLf8O0zKJiAhmkTnJlTvINGv7ygDNPbeIsX/TJjGJZHuh9B2UxbsaEkmlEo9MfhrSzmhIlhRlI2GXnw==}
    engines: {node: '>=6'}
    dev: false

  /faye-websocket/0.11.3:
    resolution: {integrity: sha512-D2y4bovYpzziGgbHYtGCMjlJM36vAl/y+xUyn1C+FVx8szd1E+86KwVw6XvYSzOP8iMpm1X0I4xJD+QtUb36OA==}
    engines: {node: '>=0.8.0'}
    dependencies:
      websocket-driver: 0.7.4
    dev: false

  /firebase/8.10.0:
    resolution: {integrity: sha512-GCABTbJdo88QgzX5OH/vsfKBWvTRbLUylGlYXtO7uYo1VErfGd2BWW9ATlJP5Gxx+ClDfyvVTvcs2rcNWn3uUA==}
    engines: {node: ^8.13.0 || >=10.10.0}
    dependencies:
      '@firebase/analytics': 0.6.18_z3hxu6tufpxc3mjsqzr74ipb4a
      '@firebase/app': 0.6.30
      '@firebase/app-check': 0.3.2_z3hxu6tufpxc3mjsqzr74ipb4a
      '@firebase/app-types': 0.6.3
      '@firebase/auth': 0.16.8_aozjwb6f4ndokleblc2fqhe7cu
      '@firebase/database': 0.11.0_@firebase+app-types@0.6.3
      '@firebase/firestore': 2.4.0_z3hxu6tufpxc3mjsqzr74ipb4a
      '@firebase/functions': 0.6.15_z3hxu6tufpxc3mjsqzr74ipb4a
      '@firebase/installations': 0.4.32_z3hxu6tufpxc3mjsqzr74ipb4a
      '@firebase/messaging': 0.8.0_z3hxu6tufpxc3mjsqzr74ipb4a
      '@firebase/performance': 0.4.18_z3hxu6tufpxc3mjsqzr74ipb4a
      '@firebase/polyfill': 0.3.36
      '@firebase/remote-config': 0.1.43_z3hxu6tufpxc3mjsqzr74ipb4a
      '@firebase/storage': 0.7.0_z3hxu6tufpxc3mjsqzr74ipb4a
      '@firebase/util': 1.3.0
    dev: false

  /fsevents/2.3.2:
    resolution: {integrity: sha512-xiqMQR4xAeHTuB9uWm+fFRcIOgKBMiOBP+eXiyT7jsgVCq1bkVygt00oASowB7EdtpOHaaPgKt812P9ab+DDKA==}
    engines: {node: ^8.16.0 || ^10.6.0 || >=11.0.0}
    os: [darwin]
    requiresBuild: true
    dev: true
    optional: true

  /function-bind/1.1.1:
    resolution: {integrity: sha512-yIovAzMX49sF8Yl58fSCWJ5svSLuaibPxXQJFLmBObTuCr0Mf1KiPopGM9NiFjiYBCbfaa2Fh6breQ6ANVTI0A==}
    dev: true

  /get-caller-file/2.0.5:
    resolution: {integrity: sha512-DyFP3BM/3YHTQOCUL/w0OZHR0lpKeGrxotcHWcqNEdnltqFwXVfhEBQ94eIo34AfQpo0rGki4cyIiftY06h2Fg==}
    engines: {node: 6.* || 8.* || >= 10.*}
    dev: false

  /has/1.0.3:
    resolution: {integrity: sha512-f2dvO0VU6Oej7RkWJGrehjbzMAjFp5/VKPp5tTpWIV4JHHZK1/BxbFRtf/siA2SWTe09caDmVtYYzWEIbBS4zw==}
    engines: {node: '>= 0.4.0'}
    dependencies:
      function-bind: 1.1.1
    dev: true

  /http-parser-js/0.5.8:
    resolution: {integrity: sha512-SGeBX54F94Wgu5RH3X5jsDtf4eHyRogWX1XGT3b4HuW3tQPM4AaBzoUji/4AAJNXCEOWZ5O0DgZmJw1947gD5Q==}
    dev: false

  /idb/3.0.2:
    resolution: {integrity: sha512-+FLa/0sTXqyux0o6C+i2lOR0VoS60LU/jzUo5xjfY6+7sEEgy4Gz1O7yFBXvjd7N0NyIGWIRg8DcQSLEG+VSPw==}
    dev: false

  /is-core-module/2.11.0:
    resolution: {integrity: sha512-RRjxlvLDkD1YJwDbroBHMb+cukurkDWNyHx7D3oNB5x9rb5ogcksMC5wHCadcXoo67gVr/+3GFySh3134zi6rw==}
    dependencies:
      has: 1.0.3
    dev: true

  /is-fullwidth-code-point/3.0.0:
    resolution: {integrity: sha512-zymm5+u+sCsSWyD9qNaejV3DFvhCKclKdizYaJUuHA83RLjb7nSuGnddCHGv0hk+KY7BMAlsWeK4Ueg6EV6XQg==}
    engines: {node: '>=8'}
    dev: false

  /kleur/4.1.5:
    resolution: {integrity: sha512-o+NO+8WrRiQEE4/7nwRJhN1HWpVmJm511pBHUxPLtp0BUISzlBplORYSmTclCnJvQq2tKu/sgl3xVpkc7ZWuQQ==}
    engines: {node: '>=6'}
    dev: true

  /lodash.camelcase/4.3.0:
    resolution: {integrity: sha512-TwuEnCnxbc3rAvhf/LbG7tJUDzhqXyFnv3dtzLOPgCG/hODL7WFnsbwktkD7yUV0RrreP/l1PALq/YSg6VvjlA==}
    dev: false

  /long/4.0.0:
    resolution: {integrity: sha512-XsP+KhQif4bjX1kbuSiySJFNAehNxgLb6hPRGJ9QsUr8ajHkuXGdrHmFUTUUXhDwVX2R5bY4JNZEwbUiMhV+MA==}
    dev: false

  /long/5.2.1:
    resolution: {integrity: sha512-GKSNGeNAtw8IryjjkhZxuKB3JzlcLTwjtiQCHKvqQet81I93kXslhDQruGI/QsddO83mcDToBVy7GqGS/zYf/A==}
    dev: false

  /magic-string/0.26.7:
    resolution: {integrity: sha512-hX9XH3ziStPoPhJxLq1syWuZMxbDvGNbVchfrdCtanC7D13888bMFow61x8axrx+GfHLtVeAx2kxL7tTGRl+Ow==}
    engines: {node: '>=12'}
    dependencies:
      sourcemap-codec: 1.4.8
    dev: true

  /ms/2.1.2:
    resolution: {integrity: sha512-sGkPx+VjMtmA6MX27oA4FBFELFCZZ4S4XqeGOXCv68tT+jb3vk/RyaKWP0PTKyWtmLSM0b+adUTEvbs1PEaH2w==}
    dev: true

  /nanoid/3.3.4:
    resolution: {integrity: sha512-MqBkQh/OHTS2egovRtLk45wEyNXwF+cokD+1YPf9u5VfJiRdAiRwB2froX5Co9Rh20xs4siNPm8naNotSD6RBw==}
    engines: {node: ^10 || ^12 || ^13.7 || ^14 || >=15.0.1}
    hasBin: true
    dev: true

  /node-fetch/2.6.1:
    resolution: {integrity: sha512-V4aYg89jEoVRxRb2fJdAg8FHvI7cEyYdVAh94HH0UIK8oJxUfkjlDQN9RbMx+bEjP7+ggMiFRprSti032Oipxw==}
    engines: {node: 4.x || >=6.0.0}
    dev: false

  /path-parse/1.0.7:
    resolution: {integrity: sha512-LDJzPVEEEPR+y48z93A0Ed0yXb8pAByGWo/k5YYdYgpY2/2EsOsksJrq7lOHxryrVOn1ejG6oAp8ahvOIQD8sw==}
    dev: true

  /picocolors/1.0.0:
    resolution: {integrity: sha512-1fygroTLlHu66zi26VoTDv8yRgm0Fccecssto+MhsZ0D/DGW2sm8E8AjW7NU5VVTRt5GxbeZ5qBuJr+HyLYkjQ==}
    dev: true

  /postcss/8.4.19:
    resolution: {integrity: sha512-h+pbPsyhlYj6N2ozBmHhHrs9DzGmbaarbLvWipMRO7RLS+v4onj26MPFXA5OBYFxyqYhUJK456SwDcY9H2/zsA==}
    engines: {node: ^10 || ^12 || >=14}
    dependencies:
      nanoid: 3.3.4
      picocolors: 1.0.0
      source-map-js: 1.0.2
    dev: true

  /promise-polyfill/8.1.3:
    resolution: {integrity: sha512-MG5r82wBzh7pSKDRa9y+vllNHz3e3d4CNj1PQE4BQYxLme0gKYYBm9YENq+UkEikyZ0XbiGWxYlVw3Rl9O/U8g==}
    dev: false

  /protobufjs/6.11.3:
    resolution: {integrity: sha512-xL96WDdCZYdU7Slin569tFX712BxsxslWwAfAhCYjQKGTq7dAU91Lomy6nLLhh/dyGhk/YH4TwTSRxTzhuHyZg==}
    hasBin: true
    requiresBuild: true
    dependencies:
      '@protobufjs/aspromise': 1.1.2
      '@protobufjs/base64': 1.1.2
      '@protobufjs/codegen': 2.0.4
      '@protobufjs/eventemitter': 1.1.0
      '@protobufjs/fetch': 1.1.0
      '@protobufjs/float': 1.0.2
      '@protobufjs/inquire': 1.1.0
      '@protobufjs/path': 1.1.2
      '@protobufjs/pool': 1.1.0
      '@protobufjs/utf8': 1.1.0
      '@types/long': 4.0.2
      '@types/node': 18.11.9
      long: 4.0.0
    dev: false

  /protobufjs/7.1.2:
    resolution: {integrity: sha512-4ZPTPkXCdel3+L81yw3dG6+Kq3umdWKh7Dc7GW/CpNk4SX3hK58iPCWeCyhVTDrbkNeKrYNZ7EojM5WDaEWTLQ==}
    engines: {node: '>=12.0.0'}
    requiresBuild: true
    dependencies:
      '@protobufjs/aspromise': 1.1.2
      '@protobufjs/base64': 1.1.2
      '@protobufjs/codegen': 2.0.4
      '@protobufjs/eventemitter': 1.1.0
      '@protobufjs/fetch': 1.1.0
      '@protobufjs/float': 1.0.2
      '@protobufjs/inquire': 1.1.0
      '@protobufjs/path': 1.1.2
      '@protobufjs/pool': 1.1.0
      '@protobufjs/utf8': 1.1.0
      '@types/node': 18.11.9
      long: 5.2.1
    dev: false

  /require-directory/2.1.1:
    resolution: {integrity: sha512-fGxEI7+wsG9xrvdjsrlmL22OMTTiHRwAMroiEeMgq8gzoLC/PQr7RsRDSTLUg/bZAZtF+TVIkHc6/4RIKrui+Q==}
    engines: {node: '>=0.10.0'}
    dev: false

  /resolve/1.22.1:
    resolution: {integrity: sha512-nBpuuYuY5jFsli/JIs1oldw6fOQCBioohqWZg/2hiaOybXOft4lonv85uDOKXdf8rhyK159cxU5cDcK/NKk8zw==}
    hasBin: true
    dependencies:
      is-core-module: 2.11.0
      path-parse: 1.0.7
      supports-preserve-symlinks-flag: 1.0.0
    dev: true

  /rollup/2.79.1:
    resolution: {integrity: sha512-uKxbd0IhMZOhjAiD5oAFp7BqvkA4Dv47qpOCtaNvng4HBwdbWtdOh8f5nZNuk2rp51PMGk3bzfWu5oayNEuYnw==}
    engines: {node: '>=10.0.0'}
    hasBin: true
    optionalDependencies:
      fsevents: 2.3.2
    dev: true

  /rxfire/6.0.3_firebase@8.10.0+rxjs@7.5.7:
    resolution: {integrity: sha512-77nkyffHh7jgfi1YA/N9RI+kWxYpgKk6GRML1lyersvaqbJt4hkvWwk1rWib9Rb5Lr5mT+Ha45lu7nM79sJCZA==}
    peerDependencies:
      firebase: ^9.0.0
      rxjs: ^6.0.0 || ^7.0.0
    dependencies:
      firebase: 8.10.0
      rxjs: 7.5.7
      tslib: 2.1.0
    dev: false

  /rxjs/7.5.7:
    resolution: {integrity: sha512-z9MzKh/UcOqB3i20H6rtrlaE/CgjLOvheWK/9ILrbhROGTweAi1BaFsTT9FbwZi5Trr1qNRs+MXkhmR06awzQA==}
    dependencies:
      tslib: 2.4.1
    dev: false

  /safe-buffer/5.2.1:
    resolution: {integrity: sha512-rp3So07KcdmmKbGvgaNxQSJr7bGVSVk5S9Eq1F+ppbRo70+YeaDxkw5Dd8NPN+GD6bjnYm2VuPuCXmpuYvmCXQ==}
    dev: false

  /source-map-js/1.0.2:
    resolution: {integrity: sha512-R0XvVJ9WusLiqTCEiGCmICCMplcCkIwwR11mOSD9CR5u+IXYdiseeEuXCVAjS54zqwkLcPNnmU4OeJ6tUrWhDw==}
    engines: {node: '>=0.10.0'}
    dev: true

  /sourcemap-codec/1.4.8:
    resolution: {integrity: sha512-9NykojV5Uih4lgo5So5dtw+f0JgJX30KCNI8gwhz2J9A15wD0Ml6tjHKwf6fTSa6fAdVBdZeNOs9eJ71qCk8vA==}
    dev: true

  /string-width/4.2.3:
    resolution: {integrity: sha512-wKyQRQpjJ0sIp62ErSZdGsjMJWsap5oRNihHhu6G7JVO/9jIB6UyevL+tXuOqrng8j/cxKTWyWUwvSTriiZz/g==}
    engines: {node: '>=8'}
    dependencies:
      emoji-regex: 8.0.0
      is-fullwidth-code-point: 3.0.0
      strip-ansi: 6.0.1
    dev: false

  /strip-ansi/6.0.1:
    resolution: {integrity: sha512-Y38VPSHcqkFrCpFnQ9vuSXmquuv5oXOKpGeT6aGrr3o3Gc9AlVa6JBfUSOCnbxGGZF+/0ooI7KrPuUSztUdU5A==}
    engines: {node: '>=8'}
    dependencies:
      ansi-regex: 5.0.1
    dev: false

  /supports-preserve-symlinks-flag/1.0.0:
    resolution: {integrity: sha512-ot0WnXS9fgdkgIcePe6RHNk1WA8+muPa6cSjeR3V8K27q9BB1rTE3R1p7Hv0z1ZyAc8s6Vvv8DIyWf681MAt0w==}
    engines: {node: '>= 0.4'}
    dev: true

  /svelte-hmr/0.15.1_svelte@3.53.1:
    resolution: {integrity: sha512-BiKB4RZ8YSwRKCNVdNxK/GfY+r4Kjgp9jCLEy0DuqAKfmQtpL38cQK3afdpjw4sqSs4PLi3jIPJIFp259NkZtA==}
    engines: {node: ^12.20 || ^14.13.1 || >= 16}
    peerDependencies:
      svelte: '>=3.19.0'
    dependencies:
      svelte: 3.53.1
    dev: true

  /svelte/3.53.1:
    resolution: {integrity: sha512-Q4/hHkktZogGhN5iqxqSi9sjEVoe/NbIxX4hXEHoasTxj+TxEQVAq66LnDMdAZxjmsodkoI5F3slqsS68U7FNw==}
    engines: {node: '>= 8'}
    dev: true

  /tslib/2.1.0:
    resolution: {integrity: sha512-hcVC3wYEziELGGmEEXue7D75zbwIIVUMWAVbHItGPx0ziyXxrOMQx4rQEVEV45Ut/1IotuEvwqPopzIOkDMf0A==}
    dev: false

  /tslib/2.4.1:
    resolution: {integrity: sha512-tGyy4dAjRIEwI7BzsB0lynWgOpfqjUdq91XXAlIWD2OwKBH7oCl/GZG/HT4BOHrTlPMOASlMQ7veyTqpmRcrNA==}
    dev: false

  /vite/3.2.4:
    resolution: {integrity: sha512-Z2X6SRAffOUYTa+sLy3NQ7nlHFU100xwanq1WDwqaiFiCe+25zdxP1TfCS5ojPV2oDDcXudHIoPnI1Z/66B7Yw==}
    engines: {node: ^14.18.0 || >=16.0.0}
    hasBin: true
    peerDependencies:
      '@types/node': '>= 14'
      less: '*'
      sass: '*'
      stylus: '*'
      sugarss: '*'
      terser: ^5.4.0
    peerDependenciesMeta:
      '@types/node':
        optional: true
      less:
        optional: true
      sass:
        optional: true
      stylus:
        optional: true
      sugarss:
        optional: true
      terser:
        optional: true
    dependencies:
      esbuild: 0.15.14
      postcss: 8.4.19
      resolve: 1.22.1
      rollup: 2.79.1
    optionalDependencies:
      fsevents: 2.3.2
    dev: true

  /vitefu/0.2.1_vite@3.2.4:
    resolution: {integrity: sha512-clkvXTAeUf+XQKm3bhWUhT4pye+3acm6YCTGaWhxxIvZZ/QjnA3JA8Zud+z/mO5y5XYvJJhevs5Sjkv/FI8nRw==}
    peerDependencies:
      vite: ^3.0.0
    peerDependenciesMeta:
      vite:
        optional: true
    dependencies:
      vite: 3.2.4
    dev: true

  /websocket-driver/0.7.4:
    resolution: {integrity: sha512-b17KeDIQVjvb0ssuSDF2cYXSg2iztliJ4B9WdsuB6J952qCPKmnVq4DyW5motImXHDC1cBT/1UezrJVsKw5zjg==}
    engines: {node: '>=0.8.0'}
    dependencies:
      http-parser-js: 0.5.8
      safe-buffer: 5.2.1
      websocket-extensions: 0.1.4
    dev: false

  /websocket-extensions/0.1.4:
    resolution: {integrity: sha512-OqedPIGOfsDlo31UNwYbCFMSaO9m9G/0faIHj5/dZFDMFqPTcx6UwqyOy3COEaEOg/9VsGIpdqn62W5KhoKSpg==}
    engines: {node: '>=0.8.0'}
    dev: false

  /whatwg-fetch/2.0.4:
    resolution: {integrity: sha512-dcQ1GWpOD/eEQ97k66aiEVpNnapVj90/+R+SXTPYGHpYBBypfKJEQjLrvMZ7YXbKm21gXd4NcuxUTjiv1YtLng==}
    dev: false

  /wrap-ansi/7.0.0:
    resolution: {integrity: sha512-YVGIj2kamLSTxw6NsZjoBxfSwsn0ycdesmc4p+Q21c5zPuZ1pl+NfxVdxPtdHvmNVOQ6XSYG4AUtyt/Fi7D16Q==}
    engines: {node: '>=10'}
    dependencies:
      ansi-styles: 4.3.0
      string-width: 4.2.3
      strip-ansi: 6.0.1
    dev: false

  /xmlhttprequest/1.8.0:
    resolution: {integrity: sha512-58Im/U0mlVBLM38NdZjHyhuMtCqa61469k2YP/AaPbvCoV9aQGUpbJBj1QRm2ytRiVQBD/fsw7L2bJGDVQswBA==}
    engines: {node: '>=0.4.0'}
    dev: false

  /y18n/5.0.8:
    resolution: {integrity: sha512-0pfFzegeDWJHJIAmTLRP2DwHjdF5s7jo9tuztdQxAhINCdvS+3nGINqPd00AphqJR/0LhANUS6/+7SCb98YOfA==}
    engines: {node: '>=10'}
    dev: false

  /yargs-parser/20.2.9:
    resolution: {integrity: sha512-y11nGElTIV+CT3Zv9t7VKl+Q3hTQoT9a1Qzezhhl6Rp21gJ/IVTW7Z3y9EWXhuUBC2Shnf+DX0antecpAwSP8w==}
    engines: {node: '>=10'}
    dev: false

  /yargs/16.2.0:
    resolution: {integrity: sha512-D1mvvtDG0L5ft/jGWkLpG1+m0eQxOfaBvTNELraWj22wSVUMWxZUvYgJYcKh6jGGIkJFhH4IZPQhR4TKpc8mBw==}
    engines: {node: '>=10'}
    dependencies:
      cliui: 7.0.4
      escalade: 3.1.1
      get-caller-file: 2.0.5
      require-directory: 2.1.1
      string-width: 4.2.3
      y18n: 5.0.8
      yargs-parser: 20.2.9
    dev: false
